{
  "nodes": {
    "emacs-overlay": {
      "inputs": {
        "flake-utils": "flake-utils",
        "nixpkgs": "nixpkgs"
      },
      "locked": {
        "lastModified": 1659609039,
        "narHash": "sha256-RMN9IYCUNI+7A3kFNW5L8+Elure82390tM2XXreqNcQ=",
        "owner": "nix-community",
        "repo": "emacs-overlay",
        "rev": "da35c186463ac1b7bb04f70b4291ac0572e3ce13",
        "type": "github"
      },
      "original": {
        "owner": "nix-community",
        "ref": "master",
        "repo": "emacs-overlay",
        "type": "github"
      }
    },
    "flake-compat": {
      "flake": false,
      "locked": {
        "lastModified": 1650374568,
        "narHash": "sha256-Z+s0J8/r907g149rllvwhb4pKi8Wam5ij0st8PwAh+E=",
        "owner": "edolstra",
        "repo": "flake-compat",
        "rev": "b4a34015c698c7793d592d66adbab377907a2be8",
        "type": "github"
      },
      "original": {
        "owner": "edolstra",
        "repo": "flake-compat",
        "type": "github"
      }
    },
    "flake-utils": {
      "locked": {
        "lastModified": 1656928814,
        "narHash": "sha256-RIFfgBuKz6Hp89yRr7+NR5tzIAbn52h8vT6vXkYjZoM=",
        "owner": "numtide",
        "repo": "flake-utils",
        "rev": "7e2a3b3dfd9af950a856d66b0a7d01e3c18aa249",
        "type": "github"
      },
      "original": {
        "owner": "numtide",
        "repo": "flake-utils",
        "type": "github"
      }
    },
    "home-manager": {
      "inputs": {
        "nixpkgs": [
          "nixpkgs"
        ]
      },
      "locked": {
        "lastModified": 1656169755,
        "narHash": "sha256-Nlnm4jeQWEGjYrE6hxi/7HYHjBSZ/E0RtjCYifnNsWk=",
        "owner": "nix-community",
        "repo": "home-manager",
        "rev": "4a3d01fb53f52ac83194081272795aa4612c2381",
        "type": "github"
      },
      "original": {
        "owner": "nix-community",
        "ref": "release-22.05",
        "repo": "home-manager",
        "type": "github"
      }
    },
    "nix-matlab": {
      "inputs": {
        "flake-compat": "flake-compat",
        "nixpkgs": "nixpkgs_2"
      },
      "locked": {
        "lastModified": 1659625384,
        "narHash": "sha256-Px80myxckMTH/UbPevYRcVrB/e2q6eQpYugKQwYMvGc=",
        "owner": "doronbehar",
        "repo": "nix-matlab",
        "rev": "e5ad54f4c302f7ff6c2d996e29dce3039a99a8a8",
        "type": "gitlab"
      },
      "original": {
        "owner": "doronbehar",
        "repo": "nix-matlab",
        "type": "gitlab"
      }
    },
    "nixos-hardware": {
      "locked": {
        "lastModified": 1659356074,
        "narHash": "sha256-UwV6hZZEtchvtiTCCD/ODEv1226eam8kEgEyQb7xB0E=",
        "owner": "NixOS",
        "repo": "nixos-hardware",
        "rev": "ea3efc80f8ab83cb73aec39f4e76fe87afb15a08",
        "type": "github"
      },
      "original": {
        "owner": "NixOS",
        "ref": "master",
        "repo": "nixos-hardware",
        "type": "github"
      }
    },
    "nixpkgs": {
      "locked": {
        "lastModified": 1659542688,
        "narHash": "sha256-7Ye59iW/DUWb8PzptEqdyYPlv6y+IhqKecaoZl3q68A=",
        "owner": "NixOS",
        "repo": "nixpkgs",
        "rev": "81094ccd6a0aa13ed176c815a60c4e25b49f072d",
        "type": "github"
      },
      "original": {
        "id": "nixpkgs",
        "type": "indirect"
      }
    },
    "nixpkgs-22_05": {
      "locked": {
        "lastModified": 1659228671,
        "narHash": "sha256-fraIjyAthUgoeDUF14tFeszKFPqaGnlc2qxczHbAmec=",
        "owner": "NixOS",
        "repo": "nixpkgs",
        "rev": "a26a6f4529878fbfe5f1f287dcdff4a287c58def",
        "type": "github"
      },
      "original": {
        "owner": "NixOS",
        "ref": "release-22.05",
        "repo": "nixpkgs",
        "type": "github"
      }
    },
    "nixpkgs_2": {
      "locked": {
        "lastModified": 1659542688,
        "narHash": "sha256-7Ye59iW/DUWb8PzptEqdyYPlv6y+IhqKecaoZl3q68A=",
        "owner": "NixOS",
        "repo": "nixpkgs",
        "rev": "81094ccd6a0aa13ed176c815a60c4e25b49f072d",
        "type": "github"
      },
      "original": {
        "id": "nixpkgs",
        "type": "indirect"
      }
    },
    "nixpkgs_3": {
      "locked": {
        "lastModified": 1659526864,
        "narHash": "sha256-XFzXrc1+6DZb9hBgHfEzfwylPUSqVFJbQPs8eOgYufU=",
        "owner": "nixos",
        "repo": "nixpkgs",
        "rev": "478f3cbc8448b5852539d785fbfe9a53304133be",
        "type": "github"
      },
      "original": {
        "owner": "nixos",
        "ref": "nixos-22.05",
        "repo": "nixpkgs",
        "type": "github"
      }
    },
    "nixpkgs_4": {
      "locked": {
        "lastModified": 1659190188,
        "narHash": "sha256-LudYrDFPFaQMW0l68TYkPWRPKmqpxIFU1nWfylIp9AQ=",
        "owner": "NixOS",
        "repo": "nixpkgs",
        "rev": "a3fddd46a7f3418d7e3940ded94701aba569161d",
        "type": "github"
      },
      "original": {
        "owner": "NixOS",
        "ref": "nixpkgs-unstable",
        "repo": "nixpkgs",
        "type": "github"
      }
    },
    "root": {
      "inputs": {
        "emacs-overlay": "emacs-overlay",
        "home-manager": "home-manager",
        "nix-matlab": "nix-matlab",
        "nixos-hardware": "nixos-hardware",
        "nixpkgs": "nixpkgs_3",
        "sops-nix": "sops-nix",
        "unstable": "unstable"
      }
    },
    "sops-nix": {
      "inputs": {
        "nixpkgs": "nixpkgs_4",
        "nixpkgs-22_05": "nixpkgs-22_05"
      },
      "locked": {
        "lastModified": 1659441021,
        "narHash": "sha256-J2C83bo1mHcdfzxk8S3rE8iqNZM2AlPUGqftdhbm5Zk=",
        "owner": "Mic92",
        "repo": "sops-nix",
        "rev": "34ee98b8c2ca153a23a63c1841a0a067313856d5",
        "type": "github"
      },
      "original": {
        "owner": "Mic92",
        "repo": "sops-nix",
        "type": "github"
      }
    },
    "unstable": {
      "locked": {
        "lastModified": 1659487974,
        "narHash": "sha256-CVGOtR/Wyq3TVCjf8/kdnYD5G2JwUKUQVtd+5WIDTuY=",
        "owner": "nixos",
        "repo": "nixpkgs",
        "rev": "12363fb6d89859a37cd7e27f85288599f13e49d9",
        "type": "github"
      },
      "original": {
        "owner": "nixos",
        "ref": "nixos-unstable",
        "repo": "nixpkgs",
        "type": "github"
      }
    }
  },
  "root": "root",
  "version": 7
}
